
Microsoft Visual Studio Solution File, Format Version 12.00
# Visual Studio 2012
Project("{E24C65DC-7377-472B-9ABA-BC803B73C61A}") = "admin", ".", "{C461ED48-4033-4A2D-9C51-7E6D2EACB082}"
	ProjectSection(WebsiteProperties) = preProject
		TargetFrameworkMoniker = ".NETFramework,Version%3Dv4.0"
		Debug.AspNetCompiler.VirtualPath = "/admin"
		Debug.AspNetCompiler.PhysicalPath = "..\..\..\..\..\..\xampp\htdocs\tssolution\admin\"
		Debug.AspNetCompiler.TargetPath = "PrecompiledWeb\admin\"
		Debug.AspNetCompiler.Updateable = "true"
		Debug.AspNetCompiler.ForceOverwrite = "true"
		Debug.AspNetCompiler.FixedNames = "false"
		Debug.AspNetCompiler.Debug = "True"
		Release.AspNetCompiler.VirtualPath = "/admin"
		Release.AspNetCompiler.PhysicalPath = "..\..\..\..\..\..\xampp\htdocs\tssolution\admin\"
		Release.AspNetCompiler.TargetPath = "PrecompiledWeb\admin\"
		Release.AspNetCompiler.Updateable = "true"
		Release.AspNetCompiler.ForceOverwrite = "true"
		Release.AspNetCompiler.FixedNames = "false"
		Release.AspNetCompiler.Debug = "False"
		VWDPort = "10285"
	EndProjectSection
EndProject
Global
	GlobalSection(SolutionConfigurationPlatforms) = preSolution
		Debug|Any CPU = Debug|Any CPU
	EndGlobalSection
	GlobalSection(ProjectConfigurationPlatforms) = postSolution
		{C461ED48-4033-4A2D-9C51-7E6D2EACB082}.Debug|Any CPU.ActiveCfg = Debug|Any CPU
		{C461ED48-4033-4A2D-9C51-7E6D2EACB082}.Debug|Any CPU.Build.0 = Debug|Any CPU
	EndGlobalSection
	GlobalSection(SolutionProperties) = preSolution
		HideSolutionNode = FALSE
	EndGlobalSection
EndGlobal
